// !$*UTF8*$!
{
	archiveVersion = 1;
	classes = {
	};
	objectVersion = 55;
	objects = {

/* Begin PBXBuildFile section */
		3015C3E12727A752002DD366 /* Post.swift in Sources */ = {isa = PBXBuildFile; fileRef = 3015C3E02727A752002DD366 /* Post.swift */; };
		3015C3E32727B30E002DD366 /* User.swift in Sources */ = {isa = PBXBuildFile; fileRef = 3015C3E22727B30E002DD366 /* User.swift */; };
		3038F2242721748B00772D2C /* SectionView.xib in Resources */ = {isa = PBXBuildFile; fileRef = 3038F2232721748B00772D2C /* SectionView.xib */; };
		3038F226272174B300772D2C /* SectionView.swift in Sources */ = {isa = PBXBuildFile; fileRef = 3038F225272174B300772D2C /* SectionView.swift */; };
		3049DD812726B29300B3CB19 /* loadingAnimation.json in Resources */ = {isa = PBXBuildFile; fileRef = 3049DD802726B29300B3CB19 /* loadingAnimation.json */; };
		3049DD832726BB1400B3CB19 /* HomePageTableViewCell.swift in Sources */ = {isa = PBXBuildFile; fileRef = 3049DD822726BB1400B3CB19 /* HomePageTableViewCell.swift */; };
		304CBE00271D1D22006B4FE2 /* UIStoryboard+Extension.swift in Sources */ = {isa = PBXBuildFile; fileRef = 304CBDFF271D1D22006B4FE2 /* UIStoryboard+Extension.swift */; };
		304CBE03271D1F71006B4FE2 /* DTTabBarViewController.swift in Sources */ = {isa = PBXBuildFile; fileRef = 304CBE02271D1F71006B4FE2 /* DTTabBarViewController.swift */; };
		304CBE07271D2344006B4FE2 /* Creation.storyboard in Resources */ = {isa = PBXBuildFile; fileRef = 304CBE06271D2344006B4FE2 /* Creation.storyboard */; };
		304CBE0B271D26D6006B4FE2 /* CreationPageViewController.swift in Sources */ = {isa = PBXBuildFile; fileRef = 304CBE0A271D26D6006B4FE2 /* CreationPageViewController.swift */; };
		304CBE0E271D33F2006B4FE2 /* Home.storyboard in Resources */ = {isa = PBXBuildFile; fileRef = 304CBE0D271D33F2006B4FE2 /* Home.storyboard */; };
		304CBE10271D3411006B4FE2 /* Collection.storyboard in Resources */ = {isa = PBXBuildFile; fileRef = 304CBE0F271D3411006B4FE2 /* Collection.storyboard */; };
		304CBE12271D3424006B4FE2 /* Profile.storyboard in Resources */ = {isa = PBXBuildFile; fileRef = 304CBE11271D3424006B4FE2 /* Profile.storyboard */; };
		304CBE14271D3464006B4FE2 /* HomePageViewController.swift in Sources */ = {isa = PBXBuildFile; fileRef = 304CBE13271D3464006B4FE2 /* HomePageViewController.swift */; };
		304CBE17271D34A6006B4FE2 /* CollectionPageViewController.swift in Sources */ = {isa = PBXBuildFile; fileRef = 304CBE16271D34A6006B4FE2 /* CollectionPageViewController.swift */; };
		304CBE19271D34BD006B4FE2 /* ProfilePageViewController.swift in Sources */ = {isa = PBXBuildFile; fileRef = 304CBE18271D34BD006B4FE2 /* ProfilePageViewController.swift */; };
		304CBE1D271D41E8006B4FE2 /* SelectionView.swift in Sources */ = {isa = PBXBuildFile; fileRef = 304CBE1C271D41E8006B4FE2 /* SelectionView.swift */; };
		304CBE1F271D4458006B4FE2 /* UIView+Extension.swift in Sources */ = {isa = PBXBuildFile; fileRef = 304CBE1E271D4458006B4FE2 /* UIView+Extension.swift */; };
		304CBE2B271D75B7006B4FE2 /* drumCloseHiHat.wav in Resources */ = {isa = PBXBuildFile; fileRef = 304CBE24271D75B7006B4FE2 /* drumCloseHiHat.wav */; };
		304CBE2C271D75B7006B4FE2 /* drumSnare.wav in Resources */ = {isa = PBXBuildFile; fileRef = 304CBE25271D75B7006B4FE2 /* drumSnare.wav */; };
		304CBE2D271D75B7006B4FE2 /* drumOpenHiHat.wav in Resources */ = {isa = PBXBuildFile; fileRef = 304CBE26271D75B7006B4FE2 /* drumOpenHiHat.wav */; };
		304CBE2E271D75B7006B4FE2 /* drumTom1.wav in Resources */ = {isa = PBXBuildFile; fileRef = 304CBE27271D75B7006B4FE2 /* drumTom1.wav */; };
		304CBE2F271D75B7006B4FE2 /* drumCrash.wav in Resources */ = {isa = PBXBuildFile; fileRef = 304CBE28271D75B7006B4FE2 /* drumCrash.wav */; };
		304CBE30271D75B7006B4FE2 /* drumBass.wav in Resources */ = {isa = PBXBuildFile; fileRef = 304CBE29271D75B7006B4FE2 /* drumBass.wav */; };
		304CBE31271D75B7006B4FE2 /* drumFloorTom.wav in Resources */ = {isa = PBXBuildFile; fileRef = 304CBE2A271D75B7006B4FE2 /* drumFloorTom.wav */; };
		304CBE33271D781F006B4FE2 /* DrumKit.swift in Sources */ = {isa = PBXBuildFile; fileRef = 304CBE32271D781F006B4FE2 /* DrumKit.swift */; };
		305B8B6C271FE4ED000E9E90 /* GoogleService-Info.plist in Resources */ = {isa = PBXBuildFile; fileRef = 305B8B6B271FE4ED000E9E90 /* GoogleService-Info.plist */; };
		305B8B6E271FE626000E9E90 /* FirebaseFirestoreManager.swift in Sources */ = {isa = PBXBuildFile; fileRef = 305B8B6D271FE626000E9E90 /* FirebaseFirestoreManager.swift */; };
		305B8B70271FFFD2000E9E90 /* Creation.swift in Sources */ = {isa = PBXBuildFile; fileRef = 305B8B6F271FFFD2000E9E90 /* Creation.swift */; };
		305B8B72272008B5000E9E90 /* CreationPageTableViewCell.swift in Sources */ = {isa = PBXBuildFile; fileRef = 305B8B71272008B5000E9E90 /* CreationPageTableViewCell.swift */; };
		308173112723E06B0002C86D /* drumTom2.wav in Resources */ = {isa = PBXBuildFile; fileRef = 308173102723E06A0002C86D /* drumTom2.wav */; };
		308173132723E0F20002C86D /* drumRide.wav in Resources */ = {isa = PBXBuildFile; fileRef = 308173122723E0F20002C86D /* drumRide.wav */; };
		308173152723E8910002C86D /* PreviewCollectionViewCell.swift in Sources */ = {isa = PBXBuildFile; fileRef = 308173142723E8910002C86D /* PreviewCollectionViewCell.swift */; };
		309D3649271D085D00C1D667 /* AppDelegate.swift in Sources */ = {isa = PBXBuildFile; fileRef = 309D3648271D085D00C1D667 /* AppDelegate.swift */; };
		309D364B271D085D00C1D667 /* SceneDelegate.swift in Sources */ = {isa = PBXBuildFile; fileRef = 309D364A271D085D00C1D667 /* SceneDelegate.swift */; };
		309D3650271D085D00C1D667 /* Main.storyboard in Resources */ = {isa = PBXBuildFile; fileRef = 309D364E271D085D00C1D667 /* Main.storyboard */; };
		309D3652271D085E00C1D667 /* Assets.xcassets in Resources */ = {isa = PBXBuildFile; fileRef = 309D3651271D085E00C1D667 /* Assets.xcassets */; };
		309D3655271D085E00C1D667 /* LaunchScreen.storyboard in Resources */ = {isa = PBXBuildFile; fileRef = 309D3653271D085E00C1D667 /* LaunchScreen.storyboard */; };
		30AB5FF8272AA6E00032E670 /* PreviewPageViewController.swift in Sources */ = {isa = PBXBuildFile; fileRef = 30AB5FF7272AA6E00032E670 /* PreviewPageViewController.swift */; };
		30BB2D5F272BCEF000862277 /* CommentTableViewCell.swift in Sources */ = {isa = PBXBuildFile; fileRef = 30BB2D5E272BCEF000862277 /* CommentTableViewCell.swift */; };
		30F5FBD7271E6DF100A61E4F /* RecordPageViewController.swift in Sources */ = {isa = PBXBuildFile; fileRef = 30F5FBD6271E6DF100A61E4F /* RecordPageViewController.swift */; };
		30F5FBD9271E6F0200A61E4F /* CreationPreviewViewController.swift in Sources */ = {isa = PBXBuildFile; fileRef = 30F5FBD8271E6F0200A61E4F /* CreationPreviewViewController.swift */; };
		AA30CE104FB4B5C516CEC76B /* Pods_DrumTab.framework in Frameworks */ = {isa = PBXBuildFile; fileRef = 2A88508AC6E7A5D3605685AD /* Pods_DrumTab.framework */; };
/* End PBXBuildFile section */

/* Begin PBXFileReference section */
		2A88508AC6E7A5D3605685AD /* Pods_DrumTab.framework */ = {isa = PBXFileReference; explicitFileType = wrapper.framework; includeInIndex = 0; path = Pods_DrumTab.framework; sourceTree = BUILT_PRODUCTS_DIR; };
		3015C3E02727A752002DD366 /* Post.swift */ = {isa = PBXFileReference; lastKnownFileType = sourcecode.swift; path = Post.swift; sourceTree = "<group>"; };
		3015C3E22727B30E002DD366 /* User.swift */ = {isa = PBXFileReference; lastKnownFileType = sourcecode.swift; path = User.swift; sourceTree = "<group>"; };
		3038F2232721748B00772D2C /* SectionView.xib */ = {isa = PBXFileReference; lastKnownFileType = file.xib; path = SectionView.xib; sourceTree = "<group>"; };
		3038F225272174B300772D2C /* SectionView.swift */ = {isa = PBXFileReference; lastKnownFileType = sourcecode.swift; path = SectionView.swift; sourceTree = "<group>"; };
		3049DD802726B29300B3CB19 /* loadingAnimation.json */ = {isa = PBXFileReference; fileEncoding = 4; lastKnownFileType = text.json; path = loadingAnimation.json; sourceTree = "<group>"; };
		3049DD822726BB1400B3CB19 /* HomePageTableViewCell.swift */ = {isa = PBXFileReference; lastKnownFileType = sourcecode.swift; path = HomePageTableViewCell.swift; sourceTree = "<group>"; };
		304CBDFF271D1D22006B4FE2 /* UIStoryboard+Extension.swift */ = {isa = PBXFileReference; lastKnownFileType = sourcecode.swift; path = "UIStoryboard+Extension.swift"; sourceTree = "<group>"; };
		304CBE02271D1F71006B4FE2 /* DTTabBarViewController.swift */ = {isa = PBXFileReference; lastKnownFileType = sourcecode.swift; path = DTTabBarViewController.swift; sourceTree = "<group>"; };
		304CBE06271D2344006B4FE2 /* Creation.storyboard */ = {isa = PBXFileReference; lastKnownFileType = file.storyboard; path = Creation.storyboard; sourceTree = "<group>"; };
		304CBE0A271D26D6006B4FE2 /* CreationPageViewController.swift */ = {isa = PBXFileReference; lastKnownFileType = sourcecode.swift; path = CreationPageViewController.swift; sourceTree = "<group>"; };
		304CBE0D271D33F2006B4FE2 /* Home.storyboard */ = {isa = PBXFileReference; lastKnownFileType = file.storyboard; path = Home.storyboard; sourceTree = "<group>"; };
		304CBE0F271D3411006B4FE2 /* Collection.storyboard */ = {isa = PBXFileReference; lastKnownFileType = file.storyboard; path = Collection.storyboard; sourceTree = "<group>"; };
		304CBE11271D3424006B4FE2 /* Profile.storyboard */ = {isa = PBXFileReference; lastKnownFileType = file.storyboard; path = Profile.storyboard; sourceTree = "<group>"; };
		304CBE13271D3464006B4FE2 /* HomePageViewController.swift */ = {isa = PBXFileReference; lastKnownFileType = sourcecode.swift; path = HomePageViewController.swift; sourceTree = "<group>"; };
		304CBE16271D34A6006B4FE2 /* CollectionPageViewController.swift */ = {isa = PBXFileReference; lastKnownFileType = sourcecode.swift; path = CollectionPageViewController.swift; sourceTree = "<group>"; };
		304CBE18271D34BD006B4FE2 /* ProfilePageViewController.swift */ = {isa = PBXFileReference; lastKnownFileType = sourcecode.swift; path = ProfilePageViewController.swift; sourceTree = "<group>"; };
		304CBE1C271D41E8006B4FE2 /* SelectionView.swift */ = {isa = PBXFileReference; lastKnownFileType = sourcecode.swift; path = SelectionView.swift; sourceTree = "<group>"; };
		304CBE1E271D4458006B4FE2 /* UIView+Extension.swift */ = {isa = PBXFileReference; lastKnownFileType = sourcecode.swift; path = "UIView+Extension.swift"; sourceTree = "<group>"; };
		304CBE24271D75B7006B4FE2 /* drumCloseHiHat.wav */ = {isa = PBXFileReference; lastKnownFileType = audio.wav; path = drumCloseHiHat.wav; sourceTree = "<group>"; };
		304CBE25271D75B7006B4FE2 /* drumSnare.wav */ = {isa = PBXFileReference; lastKnownFileType = audio.wav; path = drumSnare.wav; sourceTree = "<group>"; };
		304CBE26271D75B7006B4FE2 /* drumOpenHiHat.wav */ = {isa = PBXFileReference; lastKnownFileType = audio.wav; path = drumOpenHiHat.wav; sourceTree = "<group>"; };
		304CBE27271D75B7006B4FE2 /* drumTom1.wav */ = {isa = PBXFileReference; lastKnownFileType = audio.wav; path = drumTom1.wav; sourceTree = "<group>"; };
		304CBE28271D75B7006B4FE2 /* drumCrash.wav */ = {isa = PBXFileReference; lastKnownFileType = audio.wav; path = drumCrash.wav; sourceTree = "<group>"; };
		304CBE29271D75B7006B4FE2 /* drumBass.wav */ = {isa = PBXFileReference; lastKnownFileType = audio.wav; path = drumBass.wav; sourceTree = "<group>"; };
		304CBE2A271D75B7006B4FE2 /* drumFloorTom.wav */ = {isa = PBXFileReference; lastKnownFileType = audio.wav; path = drumFloorTom.wav; sourceTree = "<group>"; };
		304CBE32271D781F006B4FE2 /* DrumKit.swift */ = {isa = PBXFileReference; lastKnownFileType = sourcecode.swift; path = DrumKit.swift; sourceTree = "<group>"; };
		305B8B6B271FE4ED000E9E90 /* GoogleService-Info.plist */ = {isa = PBXFileReference; fileEncoding = 4; lastKnownFileType = text.plist.xml; path = "GoogleService-Info.plist"; sourceTree = "<group>"; };
		305B8B6D271FE626000E9E90 /* FirebaseFirestoreManager.swift */ = {isa = PBXFileReference; lastKnownFileType = sourcecode.swift; path = FirebaseFirestoreManager.swift; sourceTree = "<group>"; };
		305B8B6F271FFFD2000E9E90 /* Creation.swift */ = {isa = PBXFileReference; lastKnownFileType = sourcecode.swift; path = Creation.swift; sourceTree = "<group>"; };
		305B8B71272008B5000E9E90 /* CreationPageTableViewCell.swift */ = {isa = PBXFileReference; lastKnownFileType = sourcecode.swift; path = CreationPageTableViewCell.swift; sourceTree = "<group>"; };
		308173102723E06A0002C86D /* drumTom2.wav */ = {isa = PBXFileReference; lastKnownFileType = audio.wav; path = drumTom2.wav; sourceTree = "<group>"; };
		308173122723E0F20002C86D /* drumRide.wav */ = {isa = PBXFileReference; lastKnownFileType = audio.wav; path = drumRide.wav; sourceTree = "<group>"; };
		308173142723E8910002C86D /* PreviewCollectionViewCell.swift */ = {isa = PBXFileReference; lastKnownFileType = sourcecode.swift; path = PreviewCollectionViewCell.swift; sourceTree = "<group>"; };
		309D3645271D085D00C1D667 /* DrumTab.app */ = {isa = PBXFileReference; explicitFileType = wrapper.application; includeInIndex = 0; path = DrumTab.app; sourceTree = BUILT_PRODUCTS_DIR; };
		309D3648271D085D00C1D667 /* AppDelegate.swift */ = {isa = PBXFileReference; lastKnownFileType = sourcecode.swift; path = AppDelegate.swift; sourceTree = "<group>"; };
		309D364A271D085D00C1D667 /* SceneDelegate.swift */ = {isa = PBXFileReference; lastKnownFileType = sourcecode.swift; path = SceneDelegate.swift; sourceTree = "<group>"; };
		309D364F271D085D00C1D667 /* Base */ = {isa = PBXFileReference; lastKnownFileType = file.storyboard; name = Base; path = Base.lproj/Main.storyboard; sourceTree = "<group>"; };
		309D3651271D085E00C1D667 /* Assets.xcassets */ = {isa = PBXFileReference; lastKnownFileType = folder.assetcatalog; path = Assets.xcassets; sourceTree = "<group>"; };
		309D3654271D085E00C1D667 /* Base */ = {isa = PBXFileReference; lastKnownFileType = file.storyboard; name = Base; path = Base.lproj/LaunchScreen.storyboard; sourceTree = "<group>"; };
		309D3656271D085E00C1D667 /* Info.plist */ = {isa = PBXFileReference; lastKnownFileType = text.plist.xml; path = Info.plist; sourceTree = "<group>"; };
		30AB5FF7272AA6E00032E670 /* PreviewPageViewController.swift */ = {isa = PBXFileReference; lastKnownFileType = sourcecode.swift; path = PreviewPageViewController.swift; sourceTree = "<group>"; };
		30BB2D5E272BCEF000862277 /* CommentTableViewCell.swift */ = {isa = PBXFileReference; lastKnownFileType = sourcecode.swift; path = CommentTableViewCell.swift; sourceTree = "<group>"; };
		30F5FBD6271E6DF100A61E4F /* RecordPageViewController.swift */ = {isa = PBXFileReference; lastKnownFileType = sourcecode.swift; path = RecordPageViewController.swift; sourceTree = "<group>"; };
		30F5FBD8271E6F0200A61E4F /* CreationPreviewViewController.swift */ = {isa = PBXFileReference; lastKnownFileType = sourcecode.swift; path = CreationPreviewViewController.swift; sourceTree = "<group>"; };
		C5375142590186CEC4D9057F /* Pods-DrumTab.debug.xcconfig */ = {isa = PBXFileReference; includeInIndex = 1; lastKnownFileType = text.xcconfig; name = "Pods-DrumTab.debug.xcconfig"; path = "Target Support Files/Pods-DrumTab/Pods-DrumTab.debug.xcconfig"; sourceTree = "<group>"; };
		E5BD3A4BDFEF54FA62C23DC9 /* Pods-DrumTab.release.xcconfig */ = {isa = PBXFileReference; includeInIndex = 1; lastKnownFileType = text.xcconfig; name = "Pods-DrumTab.release.xcconfig"; path = "Target Support Files/Pods-DrumTab/Pods-DrumTab.release.xcconfig"; sourceTree = "<group>"; };
/* End PBXFileReference section */

/* Begin PBXFrameworksBuildPhase section */
		309D3642271D085D00C1D667 /* Frameworks */ = {
			isa = PBXFrameworksBuildPhase;
			buildActionMask = 2147483647;
			files = (
				AA30CE104FB4B5C516CEC76B /* Pods_DrumTab.framework in Frameworks */,
			);
			runOnlyForDeploymentPostprocessing = 0;
		};
/* End PBXFrameworksBuildPhase section */

/* Begin PBXGroup section */
		3049DD842726BB2000B3CB19 /* Home */ = {
			isa = PBXGroup;
			children = (
				3049DD822726BB1400B3CB19 /* HomePageTableViewCell.swift */,
				30BB2D5E272BCEF000862277 /* CommentTableViewCell.swift */,
			);
			path = Home;
			sourceTree = "<group>";
		};
		304CBE01271D1D4A006B4FE2 /* Extension */ = {
			isa = PBXGroup;
			children = (
				304CBDFF271D1D22006B4FE2 /* UIStoryboard+Extension.swift */,
				304CBE1E271D4458006B4FE2 /* UIView+Extension.swift */,
			);
			path = Extension;
			sourceTree = "<group>";
		};
		304CBE04271D1F88006B4FE2 /* Controller */ = {
			isa = PBXGroup;
			children = (
				304CBE05271D1F9F006B4FE2 /* Base */,
				304CBE15271D346A006B4FE2 /* Home */,
				304CBE0C271D26DE006B4FE2 /* Creation */,
				304CBE1A271D34C5006B4FE2 /* Collection */,
				304CBE1B271D34D1006B4FE2 /* Profile */,
			);
			path = Controller;
			sourceTree = "<group>";
		};
		304CBE05271D1F9F006B4FE2 /* Base */ = {
			isa = PBXGroup;
			children = (
				304CBE02271D1F71006B4FE2 /* DTTabBarViewController.swift */,
			);
			path = Base;
			sourceTree = "<group>";
		};
		304CBE08271D238C006B4FE2 /* View */ = {
			isa = PBXGroup;
			children = (
				304CBE20271D60F8006B4FE2 /* Base */,
				305B8B73272008BE000E9E90 /* Creation */,
				3049DD842726BB2000B3CB19 /* Home */,
				309D3653271D085E00C1D667 /* LaunchScreen.storyboard */,
				309D364E271D085D00C1D667 /* Main.storyboard */,
				304CBE0D271D33F2006B4FE2 /* Home.storyboard */,
				304CBE06271D2344006B4FE2 /* Creation.storyboard */,
				304CBE0F271D3411006B4FE2 /* Collection.storyboard */,
				304CBE11271D3424006B4FE2 /* Profile.storyboard */,
			);
			path = View;
			sourceTree = "<group>";
		};
		304CBE09271D24C9006B4FE2 /* Resource */ = {
			isa = PBXGroup;
			children = (
				304CBE23271D6F44006B4FE2 /* Sounds */,
				3049DD802726B29300B3CB19 /* loadingAnimation.json */,
				309D3651271D085E00C1D667 /* Assets.xcassets */,
			);
			path = Resource;
			sourceTree = "<group>";
		};
		304CBE0C271D26DE006B4FE2 /* Creation */ = {
			isa = PBXGroup;
			children = (
				304CBE0A271D26D6006B4FE2 /* CreationPageViewController.swift */,
				30F5FBD8271E6F0200A61E4F /* CreationPreviewViewController.swift */,
				30F5FBD6271E6DF100A61E4F /* RecordPageViewController.swift */,
			);
			path = Creation;
			sourceTree = "<group>";
		};
		304CBE15271D346A006B4FE2 /* Home */ = {
			isa = PBXGroup;
			children = (
				304CBE13271D3464006B4FE2 /* HomePageViewController.swift */,
				30AB5FF7272AA6E00032E670 /* PreviewPageViewController.swift */,
			);
			path = Home;
			sourceTree = "<group>";
		};
		304CBE1A271D34C5006B4FE2 /* Collection */ = {
			isa = PBXGroup;
			children = (
				304CBE16271D34A6006B4FE2 /* CollectionPageViewController.swift */,
			);
			path = Collection;
			sourceTree = "<group>";
		};
		304CBE1B271D34D1006B4FE2 /* Profile */ = {
			isa = PBXGroup;
			children = (
				304CBE18271D34BD006B4FE2 /* ProfilePageViewController.swift */,
			);
			path = Profile;
			sourceTree = "<group>";
		};
		304CBE20271D60F8006B4FE2 /* Base */ = {
			isa = PBXGroup;
			children = (
				304CBE1C271D41E8006B4FE2 /* SelectionView.swift */,
				3038F2232721748B00772D2C /* SectionView.xib */,
				3038F225272174B300772D2C /* SectionView.swift */,
			);
			path = Base;
			sourceTree = "<group>";
		};
		304CBE23271D6F44006B4FE2 /* Sounds */ = {
			isa = PBXGroup;
			children = (
				304CBE24271D75B7006B4FE2 /* drumCloseHiHat.wav */,
				304CBE2A271D75B7006B4FE2 /* drumFloorTom.wav */,
				304CBE28271D75B7006B4FE2 /* drumCrash.wav */,
				304CBE26271D75B7006B4FE2 /* drumOpenHiHat.wav */,
				304CBE25271D75B7006B4FE2 /* drumSnare.wav */,
				304CBE29271D75B7006B4FE2 /* drumBass.wav */,
				304CBE27271D75B7006B4FE2 /* drumTom1.wav */,
				308173102723E06A0002C86D /* drumTom2.wav */,
				308173122723E0F20002C86D /* drumRide.wav */,
			);
			path = Sounds;
			sourceTree = "<group>";
		};
		304CBE34271D7823006B4FE2 /* Model */ = {
			isa = PBXGroup;
			children = (
				304CBE32271D781F006B4FE2 /* DrumKit.swift */,
				305B8B6D271FE626000E9E90 /* FirebaseFirestoreManager.swift */,
				305B8B6F271FFFD2000E9E90 /* Creation.swift */,
				3015C3E02727A752002DD366 /* Post.swift */,
				3015C3E22727B30E002DD366 /* User.swift */,
			);
			path = Model;
			sourceTree = "<group>";
		};
		305B8B73272008BE000E9E90 /* Creation */ = {
			isa = PBXGroup;
			children = (
				305B8B71272008B5000E9E90 /* CreationPageTableViewCell.swift */,
				308173142723E8910002C86D /* PreviewCollectionViewCell.swift */,
			);
			path = Creation;
			sourceTree = "<group>";
		};
		309D363C271D085D00C1D667 = {
			isa = PBXGroup;
			children = (
				309D3647271D085D00C1D667 /* DrumTab */,
				309D3646271D085D00C1D667 /* Products */,
				CDEE49B5397FC2F174C1CEAE /* Pods */,
				614DD0A173F609FACDACFC57 /* Frameworks */,
			);
			sourceTree = "<group>";
		};
		309D3646271D085D00C1D667 /* Products */ = {
			isa = PBXGroup;
			children = (
				309D3645271D085D00C1D667 /* DrumTab.app */,
			);
			name = Products;
			sourceTree = "<group>";
		};
		309D3647271D085D00C1D667 /* DrumTab */ = {
			isa = PBXGroup;
			children = (
				304CBE01271D1D4A006B4FE2 /* Extension */,
				304CBE09271D24C9006B4FE2 /* Resource */,
				304CBE34271D7823006B4FE2 /* Model */,
				304CBE08271D238C006B4FE2 /* View */,
				304CBE04271D1F88006B4FE2 /* Controller */,
				309D364A271D085D00C1D667 /* SceneDelegate.swift */,
				309D3648271D085D00C1D667 /* AppDelegate.swift */,
				309D3656271D085E00C1D667 /* Info.plist */,
				305B8B6B271FE4ED000E9E90 /* GoogleService-Info.plist */,
			);
			path = DrumTab;
			sourceTree = "<group>";
		};
		614DD0A173F609FACDACFC57 /* Frameworks */ = {
			isa = PBXGroup;
			children = (
				2A88508AC6E7A5D3605685AD /* Pods_DrumTab.framework */,
			);
			name = Frameworks;
			sourceTree = "<group>";
		};
		CDEE49B5397FC2F174C1CEAE /* Pods */ = {
			isa = PBXGroup;
			children = (
				C5375142590186CEC4D9057F /* Pods-DrumTab.debug.xcconfig */,
				E5BD3A4BDFEF54FA62C23DC9 /* Pods-DrumTab.release.xcconfig */,
			);
			path = Pods;
			sourceTree = "<group>";
		};
/* End PBXGroup section */

/* Begin PBXNativeTarget section */
		309D3644271D085D00C1D667 /* DrumTab */ = {
			isa = PBXNativeTarget;
			buildConfigurationList = 309D3659271D085E00C1D667 /* Build configuration list for PBXNativeTarget "DrumTab" */;
			buildPhases = (
				4DAECA11DF36C638F0582E1D /* [CP] Check Pods Manifest.lock */,
				309D3641271D085D00C1D667 /* Sources */,
				309D3642271D085D00C1D667 /* Frameworks */,
				309D3643271D085D00C1D667 /* Resources */,
				304CBDFE271D12E7006B4FE2 /* ShellScript */,
				5145EBB865EA3116853B9DBC /* [CP] Embed Pods Frameworks */,
			);
			buildRules = (
			);
			dependencies = (
			);
			name = DrumTab;
			productName = DrumTab;
			productReference = 309D3645271D085D00C1D667 /* DrumTab.app */;
			productType = "com.apple.product-type.application";
		};
/* End PBXNativeTarget section */

/* Begin PBXProject section */
		309D363D271D085D00C1D667 /* Project object */ = {
			isa = PBXProject;
			attributes = {
				BuildIndependentTargetsInParallel = 1;
				LastSwiftUpdateCheck = 1300;
				LastUpgradeCheck = 1300;
				TargetAttributes = {
					309D3644271D085D00C1D667 = {
						CreatedOnToolsVersion = 13.0;
					};
				};
			};
			buildConfigurationList = 309D3640271D085D00C1D667 /* Build configuration list for PBXProject "DrumTab" */;
			compatibilityVersion = "Xcode 13.0";
			developmentRegion = en;
			hasScannedForEncodings = 0;
			knownRegions = (
				en,
				Base,
			);
			mainGroup = 309D363C271D085D00C1D667;
			productRefGroup = 309D3646271D085D00C1D667 /* Products */;
			projectDirPath = "";
			projectRoot = "";
			targets = (
				309D3644271D085D00C1D667 /* DrumTab */,
			);
		};
/* End PBXProject section */

/* Begin PBXResourcesBuildPhase section */
		309D3643271D085D00C1D667 /* Resources */ = {
			isa = PBXResourcesBuildPhase;
			buildActionMask = 2147483647;
			files = (
				3038F2242721748B00772D2C /* SectionView.xib in Resources */,
				304CBE10271D3411006B4FE2 /* Collection.storyboard in Resources */,
				309D3655271D085E00C1D667 /* LaunchScreen.storyboard in Resources */,
				308173112723E06B0002C86D /* drumTom2.wav in Resources */,
				305B8B6C271FE4ED000E9E90 /* GoogleService-Info.plist in Resources */,
				304CBE2B271D75B7006B4FE2 /* drumCloseHiHat.wav in Resources */,
				304CBE2D271D75B7006B4FE2 /* drumOpenHiHat.wav in Resources */,
				304CBE0E271D33F2006B4FE2 /* Home.storyboard in Resources */,
				304CBE30271D75B7006B4FE2 /* drumBass.wav in Resources */,
				304CBE2F271D75B7006B4FE2 /* drumCrash.wav in Resources */,
				304CBE2C271D75B7006B4FE2 /* drumSnare.wav in Resources */,
				309D3652271D085E00C1D667 /* Assets.xcassets in Resources */,
				309D3650271D085D00C1D667 /* Main.storyboard in Resources */,
				308173132723E0F20002C86D /* drumRide.wav in Resources */,
				3049DD812726B29300B3CB19 /* loadingAnimation.json in Resources */,
				304CBE2E271D75B7006B4FE2 /* drumTom1.wav in Resources */,
				304CBE12271D3424006B4FE2 /* Profile.storyboard in Resources */,
				304CBE31271D75B7006B4FE2 /* drumFloorTom.wav in Resources */,
				304CBE07271D2344006B4FE2 /* Creation.storyboard in Resources */,
			);
			runOnlyForDeploymentPostprocessing = 0;
		};
/* End PBXResourcesBuildPhase section */

/* Begin PBXShellScriptBuildPhase section */
		304CBDFE271D12E7006B4FE2 /* ShellScript */ = {
			isa = PBXShellScriptBuildPhase;
			buildActionMask = 2147483647;
			files = (
			);
			inputFileListPaths = (
			);
			inputPaths = (
			);
			outputFileListPaths = (
			);
			outputPaths = (
			);
			runOnlyForDeploymentPostprocessing = 0;
			shellPath = /bin/sh;
			shellScript = "\"${PODS_ROOT}/SwiftLint/swiftlint\"\n";
		};
		4DAECA11DF36C638F0582E1D /* [CP] Check Pods Manifest.lock */ = {
			isa = PBXShellScriptBuildPhase;
			buildActionMask = 2147483647;
			files = (
			);
			inputFileListPaths = (
			);
			inputPaths = (
				"${PODS_PODFILE_DIR_PATH}/Podfile.lock",
				"${PODS_ROOT}/Manifest.lock",
			);
			name = "[CP] Check Pods Manifest.lock";
			outputFileListPaths = (
			);
			outputPaths = (
				"$(DERIVED_FILE_DIR)/Pods-DrumTab-checkManifestLockResult.txt",
			);
			runOnlyForDeploymentPostprocessing = 0;
			shellPath = /bin/sh;
			shellScript = "diff \"${PODS_PODFILE_DIR_PATH}/Podfile.lock\" \"${PODS_ROOT}/Manifest.lock\" > /dev/null\nif [ $? != 0 ] ; then\n    # print error to STDERR\n    echo \"error: The sandbox is not in sync with the Podfile.lock. Run 'pod install' or update your CocoaPods installation.\" >&2\n    exit 1\nfi\n# This output is used by Xcode 'outputs' to avoid re-running this script phase.\necho \"SUCCESS\" > \"${SCRIPT_OUTPUT_FILE_0}\"\n";
			showEnvVarsInLog = 0;
		};
		5145EBB865EA3116853B9DBC /* [CP] Embed Pods Frameworks */ = {
			isa = PBXShellScriptBuildPhase;
			buildActionMask = 2147483647;
			files = (
			);
			inputFileListPaths = (
				"${PODS_ROOT}/Target Support Files/Pods-DrumTab/Pods-DrumTab-frameworks-${CONFIGURATION}-input-files.xcfilelist",
			);
			name = "[CP] Embed Pods Frameworks";
			outputFileListPaths = (
				"${PODS_ROOT}/Target Support Files/Pods-DrumTab/Pods-DrumTab-frameworks-${CONFIGURATION}-output-files.xcfilelist",
			);
			runOnlyForDeploymentPostprocessing = 0;
			shellPath = /bin/sh;
			shellScript = "\"${PODS_ROOT}/Target Support Files/Pods-DrumTab/Pods-DrumTab-frameworks.sh\"\n";
			showEnvVarsInLog = 0;
		};
/* End PBXShellScriptBuildPhase section */

/* Begin PBXSourcesBuildPhase section */
		309D3641271D085D00C1D667 /* Sources */ = {
			isa = PBXSourcesBuildPhase;
			buildActionMask = 2147483647;
			files = (
				3049DD832726BB1400B3CB19 /* HomePageTableViewCell.swift in Sources */,
				305B8B70271FFFD2000E9E90 /* Creation.swift in Sources */,
				30F5FBD7271E6DF100A61E4F /* RecordPageViewController.swift in Sources */,
				30BB2D5F272BCEF000862277 /* CommentTableViewCell.swift in Sources */,
				304CBE0B271D26D6006B4FE2 /* CreationPageViewController.swift in Sources */,
				30AB5FF8272AA6E00032E670 /* PreviewPageViewController.swift in Sources */,
				308173152723E8910002C86D /* PreviewCollectionViewCell.swift in Sources */,
				304CBE00271D1D22006B4FE2 /* UIStoryboard+Extension.swift in Sources */,
				304CBE17271D34A6006B4FE2 /* CollectionPageViewController.swift in Sources */,
				304CBE14271D3464006B4FE2 /* HomePageViewController.swift in Sources */,
				309D3649271D085D00C1D667 /* AppDelegate.swift in Sources */,
				304CBE1D271D41E8006B4FE2 /* SelectionView.swift in Sources */,
				309D364B271D085D00C1D667 /* SceneDelegate.swift in Sources */,
				30F5FBD9271E6F0200A61E4F /* CreationPreviewViewController.swift in Sources */,
				304CBE03271D1F71006B4FE2 /* DTTabBarViewController.swift in Sources */,
				3038F226272174B300772D2C /* SectionView.swift in Sources */,
				304CBE1F271D4458006B4FE2 /* UIView+Extension.swift in Sources */,
				304CBE19271D34BD006B4FE2 /* ProfilePageViewController.swift in Sources */,
				305B8B6E271FE626000E9E90 /* FirebaseFirestoreManager.swift in Sources */,
				304CBE33271D781F006B4FE2 /* DrumKit.swift in Sources */,
				305B8B72272008B5000E9E90 /* CreationPageTableViewCell.swift in Sources */,
				3015C3E12727A752002DD366 /* Post.swift in Sources */,
				3015C3E32727B30E002DD366 /* User.swift in Sources */,
			);
			runOnlyForDeploymentPostprocessing = 0;
		};
/* End PBXSourcesBuildPhase section */

/* Begin PBXVariantGroup section */
		309D364E271D085D00C1D667 /* Main.storyboard */ = {
			isa = PBXVariantGroup;
			children = (
				309D364F271D085D00C1D667 /* Base */,
			);
			name = Main.storyboard;
			sourceTree = "<group>";
		};
		309D3653271D085E00C1D667 /* LaunchScreen.storyboard */ = {
			isa = PBXVariantGroup;
			children = (
				309D3654271D085E00C1D667 /* Base */,
			);
			name = LaunchScreen.storyboard;
			sourceTree = "<group>";
		};
/* End PBXVariantGroup section */

/* Begin XCBuildConfiguration section */
		309D3657271D085E00C1D667 /* Debug */ = {
			isa = XCBuildConfiguration;
			buildSettings = {
				ALWAYS_SEARCH_USER_PATHS = NO;
				CLANG_ANALYZER_NONNULL = YES;
				CLANG_ANALYZER_NUMBER_OBJECT_CONVERSION = YES_AGGRESSIVE;
				CLANG_CXX_LANGUAGE_STANDARD = "gnu++17";
				CLANG_CXX_LIBRARY = "libc++";
				CLANG_ENABLE_MODULES = YES;
				CLANG_ENABLE_OBJC_ARC = YES;
				CLANG_ENABLE_OBJC_WEAK = YES;
				CLANG_WARN_BLOCK_CAPTURE_AUTORELEASING = YES;
				CLANG_WARN_BOOL_CONVERSION = YES;
				CLANG_WARN_COMMA = YES;
				CLANG_WARN_CONSTANT_CONVERSION = YES;
				CLANG_WARN_DEPRECATED_OBJC_IMPLEMENTATIONS = YES;
				CLANG_WARN_DIRECT_OBJC_ISA_USAGE = YES_ERROR;
				CLANG_WARN_DOCUMENTATION_COMMENTS = YES;
				CLANG_WARN_EMPTY_BODY = YES;
				CLANG_WARN_ENUM_CONVERSION = YES;
				CLANG_WARN_INFINITE_RECURSION = YES;
				CLANG_WARN_INT_CONVERSION = YES;
				CLANG_WARN_NON_LITERAL_NULL_CONVERSION = YES;
				CLANG_WARN_OBJC_IMPLICIT_RETAIN_SELF = YES;
				CLANG_WARN_OBJC_LITERAL_CONVERSION = YES;
				CLANG_WARN_OBJC_ROOT_CLASS = YES_ERROR;
				CLANG_WARN_QUOTED_INCLUDE_IN_FRAMEWORK_HEADER = YES;
				CLANG_WARN_RANGE_LOOP_ANALYSIS = YES;
				CLANG_WARN_STRICT_PROTOTYPES = YES;
				CLANG_WARN_SUSPICIOUS_MOVE = YES;
				CLANG_WARN_UNGUARDED_AVAILABILITY = YES_AGGRESSIVE;
				CLANG_WARN_UNREACHABLE_CODE = YES;
				CLANG_WARN__DUPLICATE_METHOD_MATCH = YES;
				COPY_PHASE_STRIP = NO;
				DEBUG_INFORMATION_FORMAT = dwarf;
				ENABLE_STRICT_OBJC_MSGSEND = YES;
				ENABLE_TESTABILITY = YES;
				GCC_C_LANGUAGE_STANDARD = gnu11;
				GCC_DYNAMIC_NO_PIC = NO;
				GCC_NO_COMMON_BLOCKS = YES;
				GCC_OPTIMIZATION_LEVEL = 0;
				GCC_PREPROCESSOR_DEFINITIONS = (
					"DEBUG=1",
					"$(inherited)",
				);
				GCC_WARN_64_TO_32_BIT_CONVERSION = YES;
				GCC_WARN_ABOUT_RETURN_TYPE = YES_ERROR;
				GCC_WARN_UNDECLARED_SELECTOR = YES;
				GCC_WARN_UNINITIALIZED_AUTOS = YES_AGGRESSIVE;
				GCC_WARN_UNUSED_FUNCTION = YES;
				GCC_WARN_UNUSED_VARIABLE = YES;
				IPHONEOS_DEPLOYMENT_TARGET = 13.0;
				MTL_ENABLE_DEBUG_INFO = INCLUDE_SOURCE;
				MTL_FAST_MATH = YES;
				ONLY_ACTIVE_ARCH = YES;
				SDKROOT = iphoneos;
				SWIFT_ACTIVE_COMPILATION_CONDITIONS = DEBUG;
				SWIFT_OPTIMIZATION_LEVEL = "-Onone";
			};
			name = Debug;
		};
		309D3658271D085E00C1D667 /* Release */ = {
			isa = XCBuildConfiguration;
			buildSettings = {
				ALWAYS_SEARCH_USER_PATHS = NO;
				CLANG_ANALYZER_NONNULL = YES;
				CLANG_ANALYZER_NUMBER_OBJECT_CONVERSION = YES_AGGRESSIVE;
				CLANG_CXX_LANGUAGE_STANDARD = "gnu++17";
				CLANG_CXX_LIBRARY = "libc++";
				CLANG_ENABLE_MODULES = YES;
				CLANG_ENABLE_OBJC_ARC = YES;
				CLANG_ENABLE_OBJC_WEAK = YES;
				CLANG_WARN_BLOCK_CAPTURE_AUTORELEASING = YES;
				CLANG_WARN_BOOL_CONVERSION = YES;
				CLANG_WARN_COMMA = YES;
				CLANG_WARN_CONSTANT_CONVERSION = YES;
				CLANG_WARN_DEPRECATED_OBJC_IMPLEMENTATIONS = YES;
				CLANG_WARN_DIRECT_OBJC_ISA_USAGE = YES_ERROR;
				CLANG_WARN_DOCUMENTATION_COMMENTS = YES;
				CLANG_WARN_EMPTY_BODY = YES;
				CLANG_WARN_ENUM_CONVERSION = YES;
				CLANG_WARN_INFINITE_RECURSION = YES;
				CLANG_WARN_INT_CONVERSION = YES;
				CLANG_WARN_NON_LITERAL_NULL_CONVERSION = YES;
				CLANG_WARN_OBJC_IMPLICIT_RETAIN_SELF = YES;
				CLANG_WARN_OBJC_LITERAL_CONVERSION = YES;
				CLANG_WARN_OBJC_ROOT_CLASS = YES_ERROR;
				CLANG_WARN_QUOTED_INCLUDE_IN_FRAMEWORK_HEADER = YES;
				CLANG_WARN_RANGE_LOOP_ANALYSIS = YES;
				CLANG_WARN_STRICT_PROTOTYPES = YES;
				CLANG_WARN_SUSPICIOUS_MOVE = YES;
				CLANG_WARN_UNGUARDED_AVAILABILITY = YES_AGGRESSIVE;
				CLANG_WARN_UNREACHABLE_CODE = YES;
				CLANG_WARN__DUPLICATE_METHOD_MATCH = YES;
				COPY_PHASE_STRIP = NO;
				DEBUG_INFORMATION_FORMAT = "dwarf-with-dsym";
				ENABLE_NS_ASSERTIONS = NO;
				ENABLE_STRICT_OBJC_MSGSEND = YES;
				GCC_C_LANGUAGE_STANDARD = gnu11;
				GCC_NO_COMMON_BLOCKS = YES;
				GCC_WARN_64_TO_32_BIT_CONVERSION = YES;
				GCC_WARN_ABOUT_RETURN_TYPE = YES_ERROR;
				GCC_WARN_UNDECLARED_SELECTOR = YES;
				GCC_WARN_UNINITIALIZED_AUTOS = YES_AGGRESSIVE;
				GCC_WARN_UNUSED_FUNCTION = YES;
				GCC_WARN_UNUSED_VARIABLE = YES;
				IPHONEOS_DEPLOYMENT_TARGET = 13.0;
				MTL_ENABLE_DEBUG_INFO = NO;
				MTL_FAST_MATH = YES;
				SDKROOT = iphoneos;
				SWIFT_COMPILATION_MODE = wholemodule;
				SWIFT_OPTIMIZATION_LEVEL = "-O";
				VALIDATE_PRODUCT = YES;
			};
			name = Release;
		};
		309D365A271D085E00C1D667 /* Debug */ = {
			isa = XCBuildConfiguration;
			baseConfigurationReference = C5375142590186CEC4D9057F /* Pods-DrumTab.debug.xcconfig */;
			buildSettings = {
				ASSETCATALOG_COMPILER_APPICON_NAME = AppIcon;
				ASSETCATALOG_COMPILER_GLOBAL_ACCENT_COLOR_NAME = AccentColor;
				CODE_SIGN_STYLE = Automatic;
				CURRENT_PROJECT_VERSION = 1;
				DEVELOPMENT_TEAM = UXUPKH75MD;
				GENERATE_INFOPLIST_FILE = YES;
				INFOPLIST_FILE = DrumTab/Info.plist;
				INFOPLIST_KEY_UIApplicationSupportsIndirectInputEvents = YES;
				INFOPLIST_KEY_UILaunchStoryboardName = LaunchScreen;
				INFOPLIST_KEY_UIMainStoryboardFile = Main;
				INFOPLIST_KEY_UISupportedInterfaceOrientations_iPad = "UIInterfaceOrientationPortrait UIInterfaceOrientationPortraitUpsideDown UIInterfaceOrientationLandscapeLeft UIInterfaceOrientationLandscapeRight";
				INFOPLIST_KEY_UISupportedInterfaceOrientations_iPhone = "UIInterfaceOrientationPortrait UIInterfaceOrientationLandscapeLeft UIInterfaceOrientationLandscapeRight";
				LD_RUNPATH_SEARCH_PATHS = (
					"$(inherited)",
					"@executable_path/Frameworks",
				);
				MARKETING_VERSION = 1.0;
				PRODUCT_BUNDLE_IDENTIFIER = com.LPY.DrumTab;
				PRODUCT_NAME = "$(TARGET_NAME)";
				SWIFT_EMIT_LOC_STRINGS = YES;
				SWIFT_VERSION = 5.0;
				TARGETED_DEVICE_FAMILY = "1,2";
			};
			name = Debug;
		};
		309D365B271D085E00C1D667 /* Release */ = {
			isa = XCBuildConfiguration;
			baseConfigurationReference = E5BD3A4BDFEF54FA62C23DC9 /* Pods-DrumTab.release.xcconfig */;
			buildSettings = {
				ASSETCATALOG_COMPILER_APPICON_NAME = AppIcon;
				ASSETCATALOG_COMPILER_GLOBAL_ACCENT_COLOR_NAME = AccentColor;
				CODE_SIGN_STYLE = Automatic;
				CURRENT_PROJECT_VERSION = 1;
				DEVELOPMENT_TEAM = UXUPKH75MD;
				GENERATE_INFOPLIST_FILE = YES;
				INFOPLIST_FILE = DrumTab/Info.plist;
				INFOPLIST_KEY_UIApplicationSupportsIndirectInputEvents = YES;
				INFOPLIST_KEY_UILaunchStoryboardName = LaunchScreen;
				INFOPLIST_KEY_UIMainStoryboardFile = Main;
				INFOPLIST_KEY_UISupportedInterfaceOrientations_iPad = "UIInterfaceOrientationPortrait UIInterfaceOrientationPortraitUpsideDown UIInterfaceOrientationLandscapeLeft UIInterfaceOrientationLandscapeRight";
				INFOPLIST_KEY_UISupportedInterfaceOrientations_iPhone = "UIInterfaceOrientationPortrait UIInterfaceOrientationLandscapeLeft UIInterfaceOrientationLandscapeRight";
				LD_RUNPATH_SEARCH_PATHS = (
					"$(inherited)",
					"@executable_path/Frameworks",
				);
				MARKETING_VERSION = 1.0;
				PRODUCT_BUNDLE_IDENTIFIER = com.LPY.DrumTab;
				PRODUCT_NAME = "$(TARGET_NAME)";
				SWIFT_EMIT_LOC_STRINGS = YES;
				SWIFT_VERSION = 5.0;
				TARGETED_DEVICE_FAMILY = "1,2";
			};
			name = Release;
		};
/* End XCBuildConfiguration section */

/* Begin XCConfigurationList section */
		309D3640271D085D00C1D667 /* Build configuration list for PBXProject "DrumTab" */ = {
			isa = XCConfigurationList;
			buildConfigurations = (
				309D3657271D085E00C1D667 /* Debug */,
				309D3658271D085E00C1D667 /* Release */,
			);
			defaultConfigurationIsVisible = 0;
			defaultConfigurationName = Release;
		};
		309D3659271D085E00C1D667 /* Build configuration list for PBXNativeTarget "DrumTab" */ = {
			isa = XCConfigurationList;
			buildConfigurations = (
				309D365A271D085E00C1D667 /* Debug */,
				309D365B271D085E00C1D667 /* Release */,
			);
			defaultConfigurationIsVisible = 0;
			defaultConfigurationName = Release;
		};
/* End XCConfigurationList section */
	};
	rootObject = 309D363D271D085D00C1D667 /* Project object */;
}
